// !$*UTF8*$!
{
	archiveVersion = 1;
	classes = {
	};
	objectVersion = 56;
	objects = {

/* Begin PBXBuildFile section */
		565E82AC2CECB55A000D8FD7 /* RxCocoa in Frameworks */ = {isa = PBXBuildFile; productRef = 565E82AB2CECB55A000D8FD7 /* RxCocoa */; };
		565E82AE2CECB55A000D8FD7 /* RxSwift in Frameworks */ = {isa = PBXBuildFile; productRef = 565E82AD2CECB55A000D8FD7 /* RxSwift */; };
		565E82B52CECB9E5000D8FD7 /* Alamofire in Frameworks */ = {isa = PBXBuildFile; productRef = 565E82B42CECB9E5000D8FD7 /* Alamofire */; };
		565E82C22CECBB3B000D8FD7 /* Constatns.swift in Sources */ = {isa = PBXBuildFile; fileRef = 565E82C12CECBB3B000D8FD7 /* Constatns.swift */; };
		565E82C72CECCB15000D8FD7 /* NetworkError.swift in Sources */ = {isa = PBXBuildFile; fileRef = 565E82C62CECCB15000D8FD7 /* NetworkError.swift */; };
		565E82C92CECCB57000D8FD7 /* APIClient.swift in Sources */ = {isa = PBXBuildFile; fileRef = 565E82C82CECCB57000D8FD7 /* APIClient.swift */; };
		565E82CC2CECCF64000D8FD7 /* APIResources.swift in Sources */ = {isa = PBXBuildFile; fileRef = 565E82CB2CECCF64000D8FD7 /* APIResources.swift */; };
		565E82CE2CECD093000D8FD7 /* APIRouter.swift in Sources */ = {isa = PBXBuildFile; fileRef = 565E82CD2CECD093000D8FD7 /* APIRouter.swift */; };
		565E82D02CECD2EB000D8FD7 /* APIClientProtocol.swift in Sources */ = {isa = PBXBuildFile; fileRef = 565E82CF2CECD2EB000D8FD7 /* APIClientProtocol.swift */; };
		565E82D32CECD526000D8FD7 /* RemoteDataSourceProtocol.swift in Sources */ = {isa = PBXBuildFile; fileRef = 565E82D22CECD526000D8FD7 /* RemoteDataSourceProtocol.swift */; };
		565E82D52CECD554000D8FD7 /* RemoteDataSource.swift in Sources */ = {isa = PBXBuildFile; fileRef = 565E82D42CECD554000D8FD7 /* RemoteDataSource.swift */; };
		565E82DC2CECE066000D8FD7 /* String+Extension.swift in Sources */ = {isa = PBXBuildFile; fileRef = 565E82DB2CECE066000D8FD7 /* String+Extension.swift */; };
		565E82DF2CECE0FC000D8FD7 /* Kingfisher in Frameworks */ = {isa = PBXBuildFile; productRef = 565E82DE2CECE0FC000D8FD7 /* Kingfisher */; };
		566B8B5F2CEC1043005EFE00 /* AppDelegate.swift in Sources */ = {isa = PBXBuildFile; fileRef = 566B8B5E2CEC1043005EFE00 /* AppDelegate.swift */; };
		566B8B612CEC1043005EFE00 /* SceneDelegate.swift in Sources */ = {isa = PBXBuildFile; fileRef = 566B8B602CEC1043005EFE00 /* SceneDelegate.swift */; };
		566B8B632CEC1043005EFE00 /* AllCompetitionsViewController.swift in Sources */ = {isa = PBXBuildFile; fileRef = 566B8B622CEC1043005EFE00 /* AllCompetitionsViewController.swift */; };
		566B8B662CEC1043005EFE00 /* Main.storyboard in Resources */ = {isa = PBXBuildFile; fileRef = 566B8B642CEC1043005EFE00 /* Main.storyboard */; };
		566B8B692CEC1043005EFE00 /* Football_League_Application.xcdatamodeld in Sources */ = {isa = PBXBuildFile; fileRef = 566B8B672CEC1043005EFE00 /* Football_League_Application.xcdatamodeld */; };
		566B8B6B2CEC1044005EFE00 /* Assets.xcassets in Resources */ = {isa = PBXBuildFile; fileRef = 566B8B6A2CEC1044005EFE00 /* Assets.xcassets */; };
		566B8B6E2CEC1044005EFE00 /* LaunchScreen.storyboard in Resources */ = {isa = PBXBuildFile; fileRef = 566B8B6C2CEC1044005EFE00 /* LaunchScreen.storyboard */; };
		566B8B7C2CEC30E7005EFE00 /* AllCompetitionsModel.swift in Sources */ = {isa = PBXBuildFile; fileRef = 566B8B7B2CEC30E6005EFE00 /* AllCompetitionsModel.swift */; };
		566B8B7E2CEC32D6005EFE00 /* AllCompetitionsViewModel.swift in Sources */ = {isa = PBXBuildFile; fileRef = 566B8B7D2CEC32D6005EFE00 /* AllCompetitionsViewModel.swift */; };
		566B8B892CEC38E7005EFE00 /* AllCompetitionsTableViewCell.swift in Sources */ = {isa = PBXBuildFile; fileRef = 566B8B872CEC38E7005EFE00 /* AllCompetitionsTableViewCell.swift */; };
		566B8B8A2CEC38E7005EFE00 /* AllCompetitionsTableViewCell.xib in Resources */ = {isa = PBXBuildFile; fileRef = 566B8B882CEC38E7005EFE00 /* AllCompetitionsTableViewCell.xib */; };
		56F735DF2CECEE52004813FC /* UIView+Extensions.swift in Sources */ = {isa = PBXBuildFile; fileRef = 56F735DE2CECEE52004813FC /* UIView+Extensions.swift */; };
		56F735E12CECEE79004813FC /* UIViewController+Extensions.swift in Sources */ = {isa = PBXBuildFile; fileRef = 56F735E02CECEE79004813FC /* UIViewController+Extensions.swift */; };
/* End PBXBuildFile section */

/* Begin PBXFileReference section */
		565E82C12CECBB3B000D8FD7 /* Constatns.swift */ = {isa = PBXFileReference; lastKnownFileType = sourcecode.swift; path = Constatns.swift; sourceTree = "<group>"; };
		565E82C62CECCB15000D8FD7 /* NetworkError.swift */ = {isa = PBXFileReference; lastKnownFileType = sourcecode.swift; path = NetworkError.swift; sourceTree = "<group>"; };
		565E82C82CECCB57000D8FD7 /* APIClient.swift */ = {isa = PBXFileReference; lastKnownFileType = sourcecode.swift; path = APIClient.swift; sourceTree = "<group>"; };
		565E82CB2CECCF64000D8FD7 /* APIResources.swift */ = {isa = PBXFileReference; lastKnownFileType = sourcecode.swift; path = APIResources.swift; sourceTree = "<group>"; };
		565E82CD2CECD093000D8FD7 /* APIRouter.swift */ = {isa = PBXFileReference; lastKnownFileType = sourcecode.swift; path = APIRouter.swift; sourceTree = "<group>"; };
		565E82CF2CECD2EB000D8FD7 /* APIClientProtocol.swift */ = {isa = PBXFileReference; lastKnownFileType = sourcecode.swift; path = APIClientProtocol.swift; sourceTree = "<group>"; };
		565E82D22CECD526000D8FD7 /* RemoteDataSourceProtocol.swift */ = {isa = PBXFileReference; lastKnownFileType = sourcecode.swift; path = RemoteDataSourceProtocol.swift; sourceTree = "<group>"; };
		565E82D42CECD554000D8FD7 /* RemoteDataSource.swift */ = {isa = PBXFileReference; lastKnownFileType = sourcecode.swift; path = RemoteDataSource.swift; sourceTree = "<group>"; };
		565E82DB2CECE066000D8FD7 /* String+Extension.swift */ = {isa = PBXFileReference; lastKnownFileType = sourcecode.swift; path = "String+Extension.swift"; sourceTree = "<group>"; };
		566B8B5B2CEC1043005EFE00 /* Football League Application.app */ = {isa = PBXFileReference; explicitFileType = wrapper.application; includeInIndex = 0; path = "Football League Application.app"; sourceTree = BUILT_PRODUCTS_DIR; };
		566B8B5E2CEC1043005EFE00 /* AppDelegate.swift */ = {isa = PBXFileReference; lastKnownFileType = sourcecode.swift; path = AppDelegate.swift; sourceTree = "<group>"; };
		566B8B602CEC1043005EFE00 /* SceneDelegate.swift */ = {isa = PBXFileReference; lastKnownFileType = sourcecode.swift; path = SceneDelegate.swift; sourceTree = "<group>"; };
		566B8B622CEC1043005EFE00 /* AllCompetitionsViewController.swift */ = {isa = PBXFileReference; lastKnownFileType = sourcecode.swift; path = AllCompetitionsViewController.swift; sourceTree = "<group>"; };
		566B8B652CEC1043005EFE00 /* Base */ = {isa = PBXFileReference; lastKnownFileType = file.storyboard; name = Base; path = Base.lproj/Main.storyboard; sourceTree = "<group>"; };
		566B8B682CEC1043005EFE00 /* Football_League_Application.xcdatamodel */ = {isa = PBXFileReference; lastKnownFileType = wrapper.xcdatamodel; path = Football_League_Application.xcdatamodel; sourceTree = "<group>"; };
		566B8B6A2CEC1044005EFE00 /* Assets.xcassets */ = {isa = PBXFileReference; lastKnownFileType = folder.assetcatalog; path = Assets.xcassets; sourceTree = "<group>"; };
		566B8B6D2CEC1044005EFE00 /* Base */ = {isa = PBXFileReference; lastKnownFileType = file.storyboard; name = Base; path = Base.lproj/LaunchScreen.storyboard; sourceTree = "<group>"; };
		566B8B6F2CEC1044005EFE00 /* Info.plist */ = {isa = PBXFileReference; lastKnownFileType = text.plist.xml; path = Info.plist; sourceTree = "<group>"; };
		566B8B7B2CEC30E6005EFE00 /* AllCompetitionsModel.swift */ = {isa = PBXFileReference; lastKnownFileType = sourcecode.swift; path = AllCompetitionsModel.swift; sourceTree = "<group>"; };
		566B8B7D2CEC32D6005EFE00 /* AllCompetitionsViewModel.swift */ = {isa = PBXFileReference; lastKnownFileType = sourcecode.swift; path = AllCompetitionsViewModel.swift; sourceTree = "<group>"; };
		566B8B872CEC38E7005EFE00 /* AllCompetitionsTableViewCell.swift */ = {isa = PBXFileReference; lastKnownFileType = sourcecode.swift; name = AllCompetitionsTableViewCell.swift; path = "Football League Application/AllCompetitions/View/AllCompetitionsTableViewCell.swift"; sourceTree = SOURCE_ROOT; };
		566B8B882CEC38E7005EFE00 /* AllCompetitionsTableViewCell.xib */ = {isa = PBXFileReference; lastKnownFileType = file.xib; name = AllCompetitionsTableViewCell.xib; path = "Football League Application/AllCompetitions/View/AllCompetitionsTableViewCell.xib"; sourceTree = SOURCE_ROOT; };
		56F735DE2CECEE52004813FC /* UIView+Extensions.swift */ = {isa = PBXFileReference; lastKnownFileType = sourcecode.swift; path = "UIView+Extensions.swift"; sourceTree = "<group>"; };
		56F735E02CECEE79004813FC /* UIViewController+Extensions.swift */ = {isa = PBXFileReference; lastKnownFileType = sourcecode.swift; path = "UIViewController+Extensions.swift"; sourceTree = "<group>"; };
/* End PBXFileReference section */

/* Begin PBXFrameworksBuildPhase section */
		566B8B582CEC1043005EFE00 /* Frameworks */ = {
			isa = PBXFrameworksBuildPhase;
			buildActionMask = 2147483647;
			files = (
				565E82DF2CECE0FC000D8FD7 /* Kingfisher in Frameworks */,
				565E82B52CECB9E5000D8FD7 /* Alamofire in Frameworks */,
				565E82AE2CECB55A000D8FD7 /* RxSwift in Frameworks */,
				565E82AC2CECB55A000D8FD7 /* RxCocoa in Frameworks */,
			);
			runOnlyForDeploymentPostprocessing = 0;
		};
/* End PBXFrameworksBuildPhase section */

/* Begin PBXGroup section */
		565E82C02CECBB32000D8FD7 /* Constants */ = {
			isa = PBXGroup;
			children = (
				565E82C12CECBB3B000D8FD7 /* Constatns.swift */,
			);
			path = Constants;
			sourceTree = "<group>";
		};
		565E82C32CECCA93000D8FD7 /* NetworkService */ = {
			isa = PBXGroup;
			children = (
				565E82C82CECCB57000D8FD7 /* APIClient.swift */,
				565E82CD2CECD093000D8FD7 /* APIRouter.swift */,
				565E82CB2CECCF64000D8FD7 /* APIResources.swift */,
				565E82C62CECCB15000D8FD7 /* NetworkError.swift */,
				565E82CF2CECD2EB000D8FD7 /* APIClientProtocol.swift */,
			);
			path = NetworkService;
			sourceTree = "<group>";
		};
		565E82D12CECD506000D8FD7 /* Data */ = {
			isa = PBXGroup;
			children = (
				565E82D62CECD9E9000D8FD7 /* RemoteDataSource */,
			);
			path = Data;
			sourceTree = "<group>";
		};
		565E82D62CECD9E9000D8FD7 /* RemoteDataSource */ = {
			isa = PBXGroup;
			children = (
				565E82D22CECD526000D8FD7 /* RemoteDataSourceProtocol.swift */,
				565E82D42CECD554000D8FD7 /* RemoteDataSource.swift */,
			);
			path = RemoteDataSource;
			sourceTree = "<group>";
		};
		565E82DA2CECE054000D8FD7 /* Extensions */ = {
			isa = PBXGroup;
			children = (
				565E82DB2CECE066000D8FD7 /* String+Extension.swift */,
				56F735DE2CECEE52004813FC /* UIView+Extensions.swift */,
				56F735E02CECEE79004813FC /* UIViewController+Extensions.swift */,
			);
			path = Extensions;
			sourceTree = "<group>";
		};
		566B8B522CEC1043005EFE00 = {
			isa = PBXGroup;
			children = (
				566B8B5D2CEC1043005EFE00 /* Football League Application */,
				566B8B5C2CEC1043005EFE00 /* Products */,
			);
			sourceTree = "<group>";
		};
		566B8B5C2CEC1043005EFE00 /* Products */ = {
			isa = PBXGroup;
			children = (
				566B8B5B2CEC1043005EFE00 /* Football League Application.app */,
			);
			name = Products;
			sourceTree = "<group>";
		};
		566B8B5D2CEC1043005EFE00 /* Football League Application */ = {
			isa = PBXGroup;
			children = (
				565E82DA2CECE054000D8FD7 /* Extensions */,
				565E82D12CECD506000D8FD7 /* Data */,
				565E82C32CECCA93000D8FD7 /* NetworkService */,
				565E82C02CECBB32000D8FD7 /* Constants */,
				566B8B772CEC300D005EFE00 /* AllCompetitions */,
				566B8B762CEC2FEC005EFE00 /* App */,
				566B8B642CEC1043005EFE00 /* Main.storyboard */,
				566B8B6A2CEC1044005EFE00 /* Assets.xcassets */,
				566B8B6C2CEC1044005EFE00 /* LaunchScreen.storyboard */,
				566B8B6F2CEC1044005EFE00 /* Info.plist */,
				566B8B672CEC1043005EFE00 /* Football_League_Application.xcdatamodeld */,
			);
			path = "Football League Application";
			sourceTree = "<group>";
		};
		566B8B762CEC2FEC005EFE00 /* App */ = {
			isa = PBXGroup;
			children = (
				566B8B5E2CEC1043005EFE00 /* AppDelegate.swift */,
				566B8B602CEC1043005EFE00 /* SceneDelegate.swift */,
			);
			path = App;
			sourceTree = "<group>";
		};
		566B8B772CEC300D005EFE00 /* AllCompetitions */ = {
			isa = PBXGroup;
			children = (
				566B8B7A2CEC3032005EFE00 /* ViewModel */,
				566B8B792CEC302F005EFE00 /* View */,
				566B8B782CEC302A005EFE00 /* Model */,
			);
			path = AllCompetitions;
			sourceTree = "<group>";
		};
		566B8B782CEC302A005EFE00 /* Model */ = {
			isa = PBXGroup;
			children = (
				566B8B7B2CEC30E6005EFE00 /* AllCompetitionsModel.swift */,
			);
			path = Model;
			sourceTree = "<group>";
		};
		566B8B792CEC302F005EFE00 /* View */ = {
			isa = PBXGroup;
			children = (
				566B8B862CEC38C2005EFE00 /* AllCompetitionsTableViewCell */,
				566B8B622CEC1043005EFE00 /* AllCompetitionsViewController.swift */,
			);
			path = View;
			sourceTree = "<group>";
		};
		566B8B7A2CEC3032005EFE00 /* ViewModel */ = {
			isa = PBXGroup;
			children = (
				566B8B7D2CEC32D6005EFE00 /* AllCompetitionsViewModel.swift */,
			);
			path = ViewModel;
			sourceTree = "<group>";
		};
		566B8B862CEC38C2005EFE00 /* AllCompetitionsTableViewCell */ = {
			isa = PBXGroup;
			children = (
				566B8B872CEC38E7005EFE00 /* AllCompetitionsTableViewCell.swift */,
				566B8B882CEC38E7005EFE00 /* AllCompetitionsTableViewCell.xib */,
			);
			path = AllCompetitionsTableViewCell;
			sourceTree = "<group>";
		};
/* End PBXGroup section */

/* Begin PBXNativeTarget section */
		566B8B5A2CEC1043005EFE00 /* Football League Application */ = {
			isa = PBXNativeTarget;
			buildConfigurationList = 566B8B722CEC1044005EFE00 /* Build configuration list for PBXNativeTarget "Football League Application" */;
			buildPhases = (
				566B8B572CEC1043005EFE00 /* Sources */,
				566B8B582CEC1043005EFE00 /* Frameworks */,
				566B8B592CEC1043005EFE00 /* Resources */,
			);
			buildRules = (
			);
			dependencies = (
			);
			name = "Football League Application";
			packageProductDependencies = (
				565E82AB2CECB55A000D8FD7 /* RxCocoa */,
				565E82AD2CECB55A000D8FD7 /* RxSwift */,
				565E82B42CECB9E5000D8FD7 /* Alamofire */,
				565E82DE2CECE0FC000D8FD7 /* Kingfisher */,
			);
			productName = "Football League Application";
			productReference = 566B8B5B2CEC1043005EFE00 /* Football League Application.app */;
			productType = "com.apple.product-type.application";
		};
/* End PBXNativeTarget section */

/* Begin PBXProject section */
		566B8B532CEC1043005EFE00 /* Project object */ = {
			isa = PBXProject;
			attributes = {
				BuildIndependentTargetsInParallel = 1;
				LastSwiftUpdateCheck = 1420;
				LastUpgradeCheck = 1420;
				TargetAttributes = {
					566B8B5A2CEC1043005EFE00 = {
						CreatedOnToolsVersion = 14.2;
					};
				};
			};
			buildConfigurationList = 566B8B562CEC1043005EFE00 /* Build configuration list for PBXProject "Football League Application" */;
			compatibilityVersion = "Xcode 14.0";
			developmentRegion = en;
			hasScannedForEncodings = 0;
			knownRegions = (
				en,
				Base,
			);
			mainGroup = 566B8B522CEC1043005EFE00;
			packageReferences = (
				565E82AA2CECB55A000D8FD7 /* XCRemoteSwiftPackageReference "RxSwift" */,
				565E82B32CECB9E5000D8FD7 /* XCRemoteSwiftPackageReference "Alamofire" */,
				565E82DD2CECE0FC000D8FD7 /* XCRemoteSwiftPackageReference "Kingfisher" */,
			);
			productRefGroup = 566B8B5C2CEC1043005EFE00 /* Products */;
			projectDirPath = "";
			projectRoot = "";
			targets = (
				566B8B5A2CEC1043005EFE00 /* Football League Application */,
			);
		};
/* End PBXProject section */

/* Begin PBXResourcesBuildPhase section */
		566B8B592CEC1043005EFE00 /* Resources */ = {
			isa = PBXResourcesBuildPhase;
			buildActionMask = 2147483647;
			files = (
				566B8B6E2CEC1044005EFE00 /* LaunchScreen.storyboard in Resources */,
				566B8B6B2CEC1044005EFE00 /* Assets.xcassets in Resources */,
				566B8B8A2CEC38E7005EFE00 /* AllCompetitionsTableViewCell.xib in Resources */,
				566B8B662CEC1043005EFE00 /* Main.storyboard in Resources */,
			);
			runOnlyForDeploymentPostprocessing = 0;
		};
/* End PBXResourcesBuildPhase section */

/* Begin PBXSourcesBuildPhase section */
		566B8B572CEC1043005EFE00 /* Sources */ = {
			isa = PBXSourcesBuildPhase;
			buildActionMask = 2147483647;
			files = (
				565E82DC2CECE066000D8FD7 /* String+Extension.swift in Sources */,
				566B8B7C2CEC30E7005EFE00 /* AllCompetitionsModel.swift in Sources */,
				565E82D52CECD554000D8FD7 /* RemoteDataSource.swift in Sources */,
				565E82D02CECD2EB000D8FD7 /* APIClientProtocol.swift in Sources */,
				56F735E12CECEE79004813FC /* UIViewController+Extensions.swift in Sources */,
				565E82D32CECD526000D8FD7 /* RemoteDataSourceProtocol.swift in Sources */,
				565E82C22CECBB3B000D8FD7 /* Constatns.swift in Sources */,
				56F735DF2CECEE52004813FC /* UIView+Extensions.swift in Sources */,
				565E82CE2CECD093000D8FD7 /* APIRouter.swift in Sources */,
				566B8B692CEC1043005EFE00 /* Football_League_Application.xcdatamodeld in Sources */,
				566B8B7E2CEC32D6005EFE00 /* AllCompetitionsViewModel.swift in Sources */,
				565E82C92CECCB57000D8FD7 /* APIClient.swift in Sources */,
				565E82CC2CECCF64000D8FD7 /* APIResources.swift in Sources */,
				566B8B632CEC1043005EFE00 /* AllCompetitionsViewController.swift in Sources */,
				566B8B5F2CEC1043005EFE00 /* AppDelegate.swift in Sources */,
				566B8B892CEC38E7005EFE00 /* AllCompetitionsTableViewCell.swift in Sources */,
				566B8B612CEC1043005EFE00 /* SceneDelegate.swift in Sources */,
				565E82C72CECCB15000D8FD7 /* NetworkError.swift in Sources */,
			);
			runOnlyForDeploymentPostprocessing = 0;
		};
/* End PBXSourcesBuildPhase section */

/* Begin PBXVariantGroup section */
		566B8B642CEC1043005EFE00 /* Main.storyboard */ = {
			isa = PBXVariantGroup;
			children = (
				566B8B652CEC1043005EFE00 /* Base */,
			);
			name = Main.storyboard;
			sourceTree = "<group>";
		};
		566B8B6C2CEC1044005EFE00 /* LaunchScreen.storyboard */ = {
			isa = PBXVariantGroup;
			children = (
				566B8B6D2CEC1044005EFE00 /* Base */,
			);
			name = LaunchScreen.storyboard;
			sourceTree = "<group>";
		};
/* End PBXVariantGroup section */

/* Begin XCBuildConfiguration section */
		566B8B702CEC1044005EFE00 /* Debug */ = {
			isa = XCBuildConfiguration;
			buildSettings = {
				ALWAYS_SEARCH_USER_PATHS = NO;
				CLANG_ANALYZER_NONNULL = YES;
				CLANG_ANALYZER_NUMBER_OBJECT_CONVERSION = YES_AGGRESSIVE;
				CLANG_CXX_LANGUAGE_STANDARD = "gnu++20";
				CLANG_ENABLE_MODULES = YES;
				CLANG_ENABLE_OBJC_ARC = YES;
				CLANG_ENABLE_OBJC_WEAK = YES;
				CLANG_WARN_BLOCK_CAPTURE_AUTORELEASING = YES;
				CLANG_WARN_BOOL_CONVERSION = YES;
				CLANG_WARN_COMMA = YES;
				CLANG_WARN_CONSTANT_CONVERSION = YES;
				CLANG_WARN_DEPRECATED_OBJC_IMPLEMENTATIONS = YES;
				CLANG_WARN_DIRECT_OBJC_ISA_USAGE = YES_ERROR;
				CLANG_WARN_DOCUMENTATION_COMMENTS = YES;
				CLANG_WARN_EMPTY_BODY = YES;
				CLANG_WARN_ENUM_CONVERSION = YES;
				CLANG_WARN_INFINITE_RECURSION = YES;
				CLANG_WARN_INT_CONVERSION = YES;
				CLANG_WARN_NON_LITERAL_NULL_CONVERSION = YES;
				CLANG_WARN_OBJC_IMPLICIT_RETAIN_SELF = YES;
				CLANG_WARN_OBJC_LITERAL_CONVERSION = YES;
				CLANG_WARN_OBJC_ROOT_CLASS = YES_ERROR;
				CLANG_WARN_QUOTED_INCLUDE_IN_FRAMEWORK_HEADER = YES;
				CLANG_WARN_RANGE_LOOP_ANALYSIS = YES;
				CLANG_WARN_STRICT_PROTOTYPES = YES;
				CLANG_WARN_SUSPICIOUS_MOVE = YES;
				CLANG_WARN_UNGUARDED_AVAILABILITY = YES_AGGRESSIVE;
				CLANG_WARN_UNREACHABLE_CODE = YES;
				CLANG_WARN__DUPLICATE_METHOD_MATCH = YES;
				COPY_PHASE_STRIP = NO;
				DEBUG_INFORMATION_FORMAT = dwarf;
				ENABLE_STRICT_OBJC_MSGSEND = YES;
				ENABLE_TESTABILITY = YES;
				GCC_C_LANGUAGE_STANDARD = gnu11;
				GCC_DYNAMIC_NO_PIC = NO;
				GCC_NO_COMMON_BLOCKS = YES;
				GCC_OPTIMIZATION_LEVEL = 0;
				GCC_PREPROCESSOR_DEFINITIONS = (
					"DEBUG=1",
					"$(inherited)",
				);
				GCC_WARN_64_TO_32_BIT_CONVERSION = YES;
				GCC_WARN_ABOUT_RETURN_TYPE = YES_ERROR;
				GCC_WARN_UNDECLARED_SELECTOR = YES;
				GCC_WARN_UNINITIALIZED_AUTOS = YES_AGGRESSIVE;
				GCC_WARN_UNUSED_FUNCTION = YES;
				GCC_WARN_UNUSED_VARIABLE = YES;
				IPHONEOS_DEPLOYMENT_TARGET = 16.2;
				MTL_ENABLE_DEBUG_INFO = INCLUDE_SOURCE;
				MTL_FAST_MATH = YES;
				ONLY_ACTIVE_ARCH = YES;
				SDKROOT = iphoneos;
				SWIFT_ACTIVE_COMPILATION_CONDITIONS = DEBUG;
				SWIFT_OPTIMIZATION_LEVEL = "-Onone";
			};
			name = Debug;
		};
		566B8B712CEC1044005EFE00 /* Release */ = {
			isa = XCBuildConfiguration;
			buildSettings = {
				ALWAYS_SEARCH_USER_PATHS = NO;
				CLANG_ANALYZER_NONNULL = YES;
				CLANG_ANALYZER_NUMBER_OBJECT_CONVERSION = YES_AGGRESSIVE;
				CLANG_CXX_LANGUAGE_STANDARD = "gnu++20";
				CLANG_ENABLE_MODULES = YES;
				CLANG_ENABLE_OBJC_ARC = YES;
				CLANG_ENABLE_OBJC_WEAK = YES;
				CLANG_WARN_BLOCK_CAPTURE_AUTORELEASING = YES;
				CLANG_WARN_BOOL_CONVERSION = YES;
				CLANG_WARN_COMMA = YES;
				CLANG_WARN_CONSTANT_CONVERSION = YES;
				CLANG_WARN_DEPRECATED_OBJC_IMPLEMENTATIONS = YES;
				CLANG_WARN_DIRECT_OBJC_ISA_USAGE = YES_ERROR;
				CLANG_WARN_DOCUMENTATION_COMMENTS = YES;
				CLANG_WARN_EMPTY_BODY = YES;
				CLANG_WARN_ENUM_CONVERSION = YES;
				CLANG_WARN_INFINITE_RECURSION = YES;
				CLANG_WARN_INT_CONVERSION = YES;
				CLANG_WARN_NON_LITERAL_NULL_CONVERSION = YES;
				CLANG_WARN_OBJC_IMPLICIT_RETAIN_SELF = YES;
				CLANG_WARN_OBJC_LITERAL_CONVERSION = YES;
				CLANG_WARN_OBJC_ROOT_CLASS = YES_ERROR;
				CLANG_WARN_QUOTED_INCLUDE_IN_FRAMEWORK_HEADER = YES;
				CLANG_WARN_RANGE_LOOP_ANALYSIS = YES;
				CLANG_WARN_STRICT_PROTOTYPES = YES;
				CLANG_WARN_SUSPICIOUS_MOVE = YES;
				CLANG_WARN_UNGUARDED_AVAILABILITY = YES_AGGRESSIVE;
				CLANG_WARN_UNREACHABLE_CODE = YES;
				CLANG_WARN__DUPLICATE_METHOD_MATCH = YES;
				COPY_PHASE_STRIP = NO;
				DEBUG_INFORMATION_FORMAT = "dwarf-with-dsym";
				ENABLE_NS_ASSERTIONS = NO;
				ENABLE_STRICT_OBJC_MSGSEND = YES;
				GCC_C_LANGUAGE_STANDARD = gnu11;
				GCC_NO_COMMON_BLOCKS = YES;
				GCC_WARN_64_TO_32_BIT_CONVERSION = YES;
				GCC_WARN_ABOUT_RETURN_TYPE = YES_ERROR;
				GCC_WARN_UNDECLARED_SELECTOR = YES;
				GCC_WARN_UNINITIALIZED_AUTOS = YES_AGGRESSIVE;
				GCC_WARN_UNUSED_FUNCTION = YES;
				GCC_WARN_UNUSED_VARIABLE = YES;
				IPHONEOS_DEPLOYMENT_TARGET = 16.2;
				MTL_ENABLE_DEBUG_INFO = NO;
				MTL_FAST_MATH = YES;
				SDKROOT = iphoneos;
				SWIFT_COMPILATION_MODE = wholemodule;
				SWIFT_OPTIMIZATION_LEVEL = "-O";
				VALIDATE_PRODUCT = YES;
			};
			name = Release;
		};
		566B8B732CEC1044005EFE00 /* Debug */ = {
			isa = XCBuildConfiguration;
			buildSettings = {
				ASSETCATALOG_COMPILER_APPICON_NAME = AppIcon;
				ASSETCATALOG_COMPILER_GLOBAL_ACCENT_COLOR_NAME = AccentColor;
				CODE_SIGN_STYLE = Automatic;
				CURRENT_PROJECT_VERSION = 1;
				GENERATE_INFOPLIST_FILE = YES;
				INFOPLIST_FILE = "Football League Application/Info.plist";
				INFOPLIST_KEY_UIApplicationSupportsIndirectInputEvents = YES;
				INFOPLIST_KEY_UILaunchStoryboardName = LaunchScreen;
				INFOPLIST_KEY_UIMainStoryboardFile = Main;
				INFOPLIST_KEY_UISupportedInterfaceOrientations_iPad = "UIInterfaceOrientationPortrait UIInterfaceOrientationPortraitUpsideDown UIInterfaceOrientationLandscapeLeft UIInterfaceOrientationLandscapeRight";
				INFOPLIST_KEY_UISupportedInterfaceOrientations_iPhone = "UIInterfaceOrientationPortrait UIInterfaceOrientationLandscapeLeft UIInterfaceOrientationLandscapeRight";
				LD_RUNPATH_SEARCH_PATHS = (
					"$(inherited)",
					"@executable_path/Frameworks",
				);
				MARKETING_VERSION = 1.0;
				PRODUCT_BUNDLE_IDENTIFIER = "iti.Football-League-Application";
				PRODUCT_NAME = "$(TARGET_NAME)";
				SWIFT_EMIT_LOC_STRINGS = YES;
				SWIFT_VERSION = 5.0;
				TARGETED_DEVICE_FAMILY = "1,2";
			};
			name = Debug;
		};
		566B8B742CEC1044005EFE00 /* Release */ = {
			isa = XCBuildConfiguration;
			buildSettings = {
				ASSETCATALOG_COMPILER_APPICON_NAME = AppIcon;
				ASSETCATALOG_COMPILER_GLOBAL_ACCENT_COLOR_NAME = AccentColor;
				CODE_SIGN_STYLE = Automatic;
				CURRENT_PROJECT_VERSION = 1;
				GENERATE_INFOPLIST_FILE = YES;
				INFOPLIST_FILE = "Football League Application/Info.plist";
				INFOPLIST_KEY_UIApplicationSupportsIndirectInputEvents = YES;
				INFOPLIST_KEY_UILaunchStoryboardName = LaunchScreen;
				INFOPLIST_KEY_UIMainStoryboardFile = Main;
				INFOPLIST_KEY_UISupportedInterfaceOrientations_iPad = "UIInterfaceOrientationPortrait UIInterfaceOrientationPortraitUpsideDown UIInterfaceOrientationLandscapeLeft UIInterfaceOrientationLandscapeRight";
				INFOPLIST_KEY_UISupportedInterfaceOrientations_iPhone = "UIInterfaceOrientationPortrait UIInterfaceOrientationLandscapeLeft UIInterfaceOrientationLandscapeRight";
				LD_RUNPATH_SEARCH_PATHS = (
					"$(inherited)",
					"@executable_path/Frameworks",
				);
				MARKETING_VERSION = 1.0;
				PRODUCT_BUNDLE_IDENTIFIER = "iti.Football-League-Application";
				PRODUCT_NAME = "$(TARGET_NAME)";
				SWIFT_EMIT_LOC_STRINGS = YES;
				SWIFT_VERSION = 5.0;
				TARGETED_DEVICE_FAMILY = "1,2";
			};
			name = Release;
		};
/* End XCBuildConfiguration section */

/* Begin XCConfigurationList section */
		566B8B562CEC1043005EFE00 /* Build configuration list for PBXProject "Football League Application" */ = {
			isa = XCConfigurationList;
			buildConfigurations = (
				566B8B702CEC1044005EFE00 /* Debug */,
				566B8B712CEC1044005EFE00 /* Release */,
			);
			defaultConfigurationIsVisible = 0;
			defaultConfigurationName = Release;
		};
		566B8B722CEC1044005EFE00 /* Build configuration list for PBXNativeTarget "Football League Application" */ = {
			isa = XCConfigurationList;
			buildConfigurations = (
				566B8B732CEC1044005EFE00 /* Debug */,
				566B8B742CEC1044005EFE00 /* Release */,
			);
			defaultConfigurationIsVisible = 0;
			defaultConfigurationName = Release;
		};
/* End XCConfigurationList section */

/* Begin XCRemoteSwiftPackageReference section */
		565E82AA2CECB55A000D8FD7 /* XCRemoteSwiftPackageReference "RxSwift" */ = {
			isa = XCRemoteSwiftPackageReference;
			repositoryURL = "https://github.com/ReactiveX/RxSwift.git";
			requirement = {
				kind = upToNextMajorVersion;
				minimumVersion = 5.1.1;
			};
		};
		565E82B32CECB9E5000D8FD7 /* XCRemoteSwiftPackageReference "Alamofire" */ = {
			isa = XCRemoteSwiftPackageReference;
			repositoryURL = "https://github.com/Alamofire/Alamofire.git";
			requirement = {
				kind = upToNextMajorVersion;
				minimumVersion = 5.0.0;
			};
		};
		565E82DD2CECE0FC000D8FD7 /* XCRemoteSwiftPackageReference "Kingfisher" */ = {
			isa = XCRemoteSwiftPackageReference;
			repositoryURL = "https://github.com/onevcat/Kingfisher.git";
			requirement = {
				kind = upToNextMajorVersion;
				minimumVersion = 5.0.0;
			};
		};
/* End XCRemoteSwiftPackageReference section */

/* Begin XCSwiftPackageProductDependency section */
		565E82AB2CECB55A000D8FD7 /* RxCocoa */ = {
			isa = XCSwiftPackageProductDependency;
			package = 565E82AA2CECB55A000D8FD7 /* XCRemoteSwiftPackageReference "RxSwift" */;
			productName = RxCocoa;
		};
		565E82AD2CECB55A000D8FD7 /* RxSwift */ = {
			isa = XCSwiftPackageProductDependency;
			package = 565E82AA2CECB55A000D8FD7 /* XCRemoteSwiftPackageReference "RxSwift" */;
			productName = RxSwift;
		};
		565E82B42CECB9E5000D8FD7 /* Alamofire */ = {
			isa = XCSwiftPackageProductDependency;
			package = 565E82B32CECB9E5000D8FD7 /* XCRemoteSwiftPackageReference "Alamofire" */;
			productName = Alamofire;
		};
		565E82DE2CECE0FC000D8FD7 /* Kingfisher */ = {
			isa = XCSwiftPackageProductDependency;
			package = 565E82DD2CECE0FC000D8FD7 /* XCRemoteSwiftPackageReference "Kingfisher" */;
			productName = Kingfisher;
		};
/* End XCSwiftPackageProductDependency section */

/* Begin XCVersionGroup section */
		566B8B672CEC1043005EFE00 /* Football_League_Application.xcdatamodeld */ = {
			isa = XCVersionGroup;
			children = (
				566B8B682CEC1043005EFE00 /* Football_League_Application.xcdatamodel */,
			);
			currentVersion = 566B8B682CEC1043005EFE00 /* Football_League_Application.xcdatamodel */;
			path = Football_League_Application.xcdatamodeld;
			sourceTree = "<group>";
			versionGroupType = wrapper.xcdatamodel;
		};
/* End XCVersionGroup section */
	};
	rootObject = 566B8B532CEC1043005EFE00 /* Project object */;
}
